
Microsoft Visual Studio Solution File, Format Version 12.00
# Visual Studio Version 16
VisualStudioVersion = 16.0.809.7
MinimumVisualStudioVersion = 10.0.40219.1
Project("{FAE04EC0-301F-11D3-BF4B-00C04F79EFBC}") = "SatispayDotNet", "SatispayDotNet\SatispayDotNet.csproj", "{C6ACF8F5-7D2D-41A3-BA01-F8112824BD73}"
EndProject
Project("{FAE04EC0-301F-11D3-BF4B-00C04F79EFBC}") = "SatispayDotNet.Tests", "SatispayDotNet.Tests\SatispayDotNet.Tests.csproj", "{74E3FFD5-C3ED-4F2B-8568-33DFE0674C75}"
EndProject
Global
	GlobalSection(SolutionConfigurationPlatforms) = preSolution
		Debug|Any CPU = Debug|Any CPU
		Release|Any CPU = Release|Any CPU
	EndGlobalSection
	GlobalSection(ProjectConfigurationPlatforms) = postSolution
		{C6ACF8F5-7D2D-41A3-BA01-F8112824BD73}.Debug|Any CPU.ActiveCfg = Debug|Any CPU
		{C6ACF8F5-7D2D-41A3-BA01-F8112824BD73}.Debug|Any CPU.Build.0 = Debug|Any CPU
		{C6ACF8F5-7D2D-41A3-BA01-F8112824BD73}.Release|Any CPU.ActiveCfg = Release|Any CPU
		{C6ACF8F5-7D2D-41A3-BA01-F8112824BD73}.Release|Any CPU.Build.0 = Release|Any CPU
		{74E3FFD5-C3ED-4F2B-8568-33DFE0674C75}.Debug|Any CPU.ActiveCfg = Debug|Any CPU
		{74E3FFD5-C3ED-4F2B-8568-33DFE0674C75}.Debug|Any CPU.Build.0 = Debug|Any CPU
		{74E3FFD5-C3ED-4F2B-8568-33DFE0674C75}.Release|Any CPU.ActiveCfg = Release|Any CPU
		{74E3FFD5-C3ED-4F2B-8568-33DFE0674C75}.Release|Any CPU.Build.0 = Release|Any CPU
	EndGlobalSection
	GlobalSection(SolutionProperties) = preSolution
		HideSolutionNode = FALSE
	EndGlobalSection
	GlobalSection(ExtensibilityGlobals) = postSolution
		SolutionGuid = {606F0105-97BD-4212-9D3B-0F033B75ECD7}
	EndGlobalSection
	GlobalSection(MonoDevelopProperties) = preSolution
		Policies = $0
		$0.DotNetNamingPolicy = $1
		$1.DirectoryNamespaceAssociation = PrefixedHierarchical
		$0.VersionControlPolicy = $2
		version = 0.1.0
	EndGlobalSection
EndGlobal
